
Microsoft Visual Studio Solution File, Format Version 12.00
# Visual Studio Version 16
VisualStudioVersion = 16.0.29020.237
MinimumVisualStudioVersion = 10.0.40219.1
Project("{9A19103F-16F7-4668-BE54-9A1E7A4F7556}") = "BloodBank.ConsoleApp", "BloodBank.ConsoleApp.csproj", "{3A0B962C-87AD-41C9-86B1-861444597AE7}"
EndProject
Project("{9A19103F-16F7-4668-BE54-9A1E7A4F7556}") = "BloodBank.Core", "..\BloodBank.Core\BloodBank.Core.csproj", "{B89C7B98-B117-46E4-94CE-57CC1682AE72}"
EndProject
Project("{9A19103F-16F7-4668-BE54-9A1E7A4F7556}") = "BloodBank.Core.Tests", "..\BloodBank.Core.Tests\BloodBank.Core.Tests.csproj", "{A65FC17C-6592-4075-9C74-4326364F1AB3}"
EndProject
Project("{9A19103F-16F7-4668-BE54-9A1E7A4F7556}") = "BloodBank.Storage", "..\BloodBank.Storage\BloodBank.Storage.csproj", "{104F03B4-F690-4005-89A9-6F63B8791375}"
EndProject
Global
	GlobalSection(SolutionConfigurationPlatforms) = preSolution
		Debug|Any CPU = Debug|Any CPU
		Release|Any CPU = Release|Any CPU
	EndGlobalSection
	GlobalSection(ProjectConfigurationPlatforms) = postSolution
		{3A0B962C-87AD-41C9-86B1-861444597AE7}.Debug|Any CPU.ActiveCfg = Debug|Any CPU
		{3A0B962C-87AD-41C9-86B1-861444597AE7}.Debug|Any CPU.Build.0 = Debug|Any CPU
		{3A0B962C-87AD-41C9-86B1-861444597AE7}.Release|Any CPU.ActiveCfg = Release|Any CPU
		{3A0B962C-87AD-41C9-86B1-861444597AE7}.Release|Any CPU.Build.0 = Release|Any CPU
		{B89C7B98-B117-46E4-94CE-57CC1682AE72}.Debug|Any CPU.ActiveCfg = Debug|Any CPU
		{B89C7B98-B117-46E4-94CE-57CC1682AE72}.Debug|Any CPU.Build.0 = Debug|Any CPU
		{B89C7B98-B117-46E4-94CE-57CC1682AE72}.Release|Any CPU.ActiveCfg = Release|Any CPU
		{B89C7B98-B117-46E4-94CE-57CC1682AE72}.Release|Any CPU.Build.0 = Release|Any CPU
		{A65FC17C-6592-4075-9C74-4326364F1AB3}.Debug|Any CPU.ActiveCfg = Debug|Any CPU
		{A65FC17C-6592-4075-9C74-4326364F1AB3}.Debug|Any CPU.Build.0 = Debug|Any CPU
		{A65FC17C-6592-4075-9C74-4326364F1AB3}.Release|Any CPU.ActiveCfg = Release|Any CPU
		{A65FC17C-6592-4075-9C74-4326364F1AB3}.Release|Any CPU.Build.0 = Release|Any CPU
		{104F03B4-F690-4005-89A9-6F63B8791375}.Debug|Any CPU.ActiveCfg = Debug|Any CPU
		{104F03B4-F690-4005-89A9-6F63B8791375}.Debug|Any CPU.Build.0 = Debug|Any CPU
		{104F03B4-F690-4005-89A9-6F63B8791375}.Release|Any CPU.ActiveCfg = Release|Any CPU
		{104F03B4-F690-4005-89A9-6F63B8791375}.Release|Any CPU.Build.0 = Release|Any CPU
	EndGlobalSection
	GlobalSection(SolutionProperties) = preSolution
		HideSolutionNode = FALSE
	EndGlobalSection
	GlobalSection(ExtensibilityGlobals) = postSolution
		SolutionGuid = {8F5F08CE-DC74-43E4-AB55-C41C450A2C55}
	EndGlobalSection
EndGlobal
