
Microsoft Visual Studio Solution File, Format Version 12.00
# Visual Studio Version 16
VisualStudioVersion = 16.0.29020.237
MinimumVisualStudioVersion = 10.0.40219.1
Project("{FAE04EC0-301F-11D3-BF4B-00C04F79EFBC}") = "BloodBank.Challenge", "BloodBank.Challenge.csproj", "{3A0B962C-87AD-41C9-86B1-861444597AE7}"
EndProject
Global
	GlobalSection(SolutionConfigurationPlatforms) = preSolution
		Debug|Any CPU = Debug|Any CPU
		Release|Any CPU = Release|Any CPU
	EndGlobalSection
	GlobalSection(ProjectConfigurationPlatforms) = postSolution
		{3A0B962C-87AD-41C9-86B1-861444597AE7}.Debug|Any CPU.ActiveCfg = Debug|Any CPU
		{3A0B962C-87AD-41C9-86B1-861444597AE7}.Debug|Any CPU.Build.0 = Debug|Any CPU
		{3A0B962C-87AD-41C9-86B1-861444597AE7}.Release|Any CPU.ActiveCfg = Release|Any CPU
		{3A0B962C-87AD-41C9-86B1-861444597AE7}.Release|Any CPU.Build.0 = Release|Any CPU
	EndGlobalSection
	GlobalSection(SolutionProperties) = preSolution
		HideSolutionNode = FALSE
	EndGlobalSection
	GlobalSection(ExtensibilityGlobals) = postSolution
		SolutionGuid = {8F5F08CE-DC74-43E4-AB55-C41C450A2C55}
	EndGlobalSection
EndGlobal
